
Microsoft Visual Studio Solution File, Format Version 12.00
# Visual Studio Version 16
VisualStudioVersion = 16.0.33920.266
MinimumVisualStudioVersion = 10.0.40219.1
Project("{FAE04EC0-301F-11D3-BF4B-00C04F79EFBC}") = "Northwind.To.EF.UI", "Northwind.To.EF.UI\Northwind.To.EF.UI.csproj", "{3305BA16-AFB8-49F2-8114-373E928AC0DA}"
EndProject
Project("{FAE04EC0-301F-11D3-BF4B-00C04F79EFBC}") = "Northwind.To.EF.Data", "Northwind.To.EF.Data\Northwind.To.EF.Data.csproj", "{4FCD456B-F90B-414A-8724-B4B4DF744766}"
EndProject
Project("{FAE04EC0-301F-11D3-BF4B-00C04F79EFBC}") = "Northwind.To.EF.Entities", "Northwind.To.EF.Entities\Northwind.To.EF.Entities.csproj", "{C7A0C9C2-A954-4713-A6F6-39F10A894E62}"
EndProject
Project("{FAE04EC0-301F-11D3-BF4B-00C04F79EFBC}") = "Northwind.To.EF.Logic", "Northwind.To.EF.Logic\Northwind.To.EF.Logic.csproj", "{0C72A9F0-8AE5-4B1D-8273-A6054FB78D2C}"
EndProject
Global
	GlobalSection(SolutionConfigurationPlatforms) = preSolution
		Debug|Any CPU = Debug|Any CPU
		Release|Any CPU = Release|Any CPU
	EndGlobalSection
	GlobalSection(ProjectConfigurationPlatforms) = postSolution
		{3305BA16-AFB8-49F2-8114-373E928AC0DA}.Debug|Any CPU.ActiveCfg = Debug|Any CPU
		{3305BA16-AFB8-49F2-8114-373E928AC0DA}.Debug|Any CPU.Build.0 = Debug|Any CPU
		{3305BA16-AFB8-49F2-8114-373E928AC0DA}.Release|Any CPU.ActiveCfg = Release|Any CPU
		{3305BA16-AFB8-49F2-8114-373E928AC0DA}.Release|Any CPU.Build.0 = Release|Any CPU
		{4FCD456B-F90B-414A-8724-B4B4DF744766}.Debug|Any CPU.ActiveCfg = Debug|Any CPU
		{4FCD456B-F90B-414A-8724-B4B4DF744766}.Debug|Any CPU.Build.0 = Debug|Any CPU
		{4FCD456B-F90B-414A-8724-B4B4DF744766}.Release|Any CPU.ActiveCfg = Release|Any CPU
		{4FCD456B-F90B-414A-8724-B4B4DF744766}.Release|Any CPU.Build.0 = Release|Any CPU
		{C7A0C9C2-A954-4713-A6F6-39F10A894E62}.Debug|Any CPU.ActiveCfg = Debug|Any CPU
		{C7A0C9C2-A954-4713-A6F6-39F10A894E62}.Debug|Any CPU.Build.0 = Debug|Any CPU
		{C7A0C9C2-A954-4713-A6F6-39F10A894E62}.Release|Any CPU.ActiveCfg = Release|Any CPU
		{C7A0C9C2-A954-4713-A6F6-39F10A894E62}.Release|Any CPU.Build.0 = Release|Any CPU
		{0C72A9F0-8AE5-4B1D-8273-A6054FB78D2C}.Debug|Any CPU.ActiveCfg = Debug|Any CPU
		{0C72A9F0-8AE5-4B1D-8273-A6054FB78D2C}.Debug|Any CPU.Build.0 = Debug|Any CPU
		{0C72A9F0-8AE5-4B1D-8273-A6054FB78D2C}.Release|Any CPU.ActiveCfg = Release|Any CPU
		{0C72A9F0-8AE5-4B1D-8273-A6054FB78D2C}.Release|Any CPU.Build.0 = Release|Any CPU
	EndGlobalSection
	GlobalSection(SolutionProperties) = preSolution
		HideSolutionNode = FALSE
	EndGlobalSection
	GlobalSection(ExtensibilityGlobals) = postSolution
		SolutionGuid = {26056F73-61A6-484B-8E94-99A7305AF9EA}
	EndGlobalSection
EndGlobal
