
Microsoft Visual Studio Solution File, Format Version 12.00
# Visual Studio Version 16
VisualStudioVersion = 16.0.33920.266
MinimumVisualStudioVersion = 10.0.40219.1
Project("{FAE04EC0-301F-11D3-BF4B-00C04F79EFBC}") = "ExceptionExtension", "ExceptionExtension.csproj", "{05286A57-D4D9-4928-AD54-F90FA6C5B745}"
EndProject
Project("{FAE04EC0-301F-11D3-BF4B-00C04F79EFBC}") = "ExceptionExtensionTests", "..\ExceptionExtensionTests\ExceptionExtensionTests.csproj", "{81A4A3FD-DE4F-469F-9CC9-341381C0900C}"
EndProject
Global
	GlobalSection(SolutionConfigurationPlatforms) = preSolution
		Debug|Any CPU = Debug|Any CPU
		Release|Any CPU = Release|Any CPU
	EndGlobalSection
	GlobalSection(ProjectConfigurationPlatforms) = postSolution
		{05286A57-D4D9-4928-AD54-F90FA6C5B745}.Debug|Any CPU.ActiveCfg = Debug|Any CPU
		{05286A57-D4D9-4928-AD54-F90FA6C5B745}.Debug|Any CPU.Build.0 = Debug|Any CPU
		{05286A57-D4D9-4928-AD54-F90FA6C5B745}.Release|Any CPU.ActiveCfg = Release|Any CPU
		{05286A57-D4D9-4928-AD54-F90FA6C5B745}.Release|Any CPU.Build.0 = Release|Any CPU
		{81A4A3FD-DE4F-469F-9CC9-341381C0900C}.Debug|Any CPU.ActiveCfg = Debug|Any CPU
		{81A4A3FD-DE4F-469F-9CC9-341381C0900C}.Debug|Any CPU.Build.0 = Debug|Any CPU
		{81A4A3FD-DE4F-469F-9CC9-341381C0900C}.Release|Any CPU.ActiveCfg = Release|Any CPU
		{81A4A3FD-DE4F-469F-9CC9-341381C0900C}.Release|Any CPU.Build.0 = Release|Any CPU
	EndGlobalSection
	GlobalSection(SolutionProperties) = preSolution
		HideSolutionNode = FALSE
	EndGlobalSection
	GlobalSection(ExtensibilityGlobals) = postSolution
		SolutionGuid = {0907F414-5C44-4BFE-879D-55DDF194AD12}
	EndGlobalSection
EndGlobal
